
Microsoft Visual Studio Solution File, Format Version 12.00
# Visual Studio Version 16
VisualStudioVersion = 16.0.31205.134
MinimumVisualStudioVersion = 10.0.40219.1
Project("{FAE04EC0-301F-11D3-BF4B-00C04F79EFBC}") = "Sports_Zone", "Sports_Zone\Sports_Zone.csproj", "{292565DF-DC0F-4C6F-856A-AFB456035F86}"
EndProject
Global
	GlobalSection(SolutionConfigurationPlatforms) = preSolution
		Debug|Any CPU = Debug|Any CPU
		Release|Any CPU = Release|Any CPU
	EndGlobalSection
	GlobalSection(ProjectConfigurationPlatforms) = postSolution
		{292565DF-DC0F-4C6F-856A-AFB456035F86}.Debug|Any CPU.ActiveCfg = Debug|Any CPU
		{292565DF-DC0F-4C6F-856A-AFB456035F86}.Debug|Any CPU.Build.0 = Debug|Any CPU
		{292565DF-DC0F-4C6F-856A-AFB456035F86}.Release|Any CPU.ActiveCfg = Release|Any CPU
		{292565DF-DC0F-4C6F-856A-AFB456035F86}.Release|Any CPU.Build.0 = Release|Any CPU
	EndGlobalSection
	GlobalSection(SolutionProperties) = preSolution
		HideSolutionNode = FALSE
	EndGlobalSection
	GlobalSection(ExtensibilityGlobals) = postSolution
		SolutionGuid = {0C62AD44-910F-44A1-8634-FAD296292507}
	EndGlobalSection
EndGlobal
